
Microsoft Visual Studio Solution File, Format Version 12.00
# Visual Studio Version 17
VisualStudioVersion = 17.0.31919.166
MinimumVisualStudioVersion = 10.0.40219.1
Project("{FAE04EC0-301F-11D3-BF4B-00C04F79EFBC}") = "WebAppPrueba", "WebAppPrueba\WebAppPrueba.csproj", "{763A19A8-166A-4DC1-A015-C5F620B103F2}"
EndProject
Global
	GlobalSection(SolutionConfigurationPlatforms) = preSolution
		Debug|Any CPU = Debug|Any CPU
		Release|Any CPU = Release|Any CPU
	EndGlobalSection
	GlobalSection(ProjectConfigurationPlatforms) = postSolution
		{763A19A8-166A-4DC1-A015-C5F620B103F2}.Debug|Any CPU.ActiveCfg = Debug|Any CPU
		{763A19A8-166A-4DC1-A015-C5F620B103F2}.Debug|Any CPU.Build.0 = Debug|Any CPU
		{763A19A8-166A-4DC1-A015-C5F620B103F2}.Release|Any CPU.ActiveCfg = Release|Any CPU
		{763A19A8-166A-4DC1-A015-C5F620B103F2}.Release|Any CPU.Build.0 = Release|Any CPU
	EndGlobalSection
	GlobalSection(SolutionProperties) = preSolution
		HideSolutionNode = FALSE
	EndGlobalSection
	GlobalSection(ExtensibilityGlobals) = postSolution
		SolutionGuid = {92F80B96-378C-4074-B432-1D4A06A7498F}
	EndGlobalSection
EndGlobal
